
Microsoft Visual Studio Solution File, Format Version 12.00
# Visual Studio Version 16
VisualStudioVersion = 16.0.35325.158
MinimumVisualStudioVersion = 10.0.40219.1
Project("{D954291E-2A0B-460D-934E-DC6B0785DB48}") = "RE4_MDT_EDIT", "RE4_MDT_EDIT\RE4_MDT_EDIT.shproj", "{5A242EC0-01A7-42B7-BD9A-EC8AE1BC3666}"
EndProject
Project("{FAE04EC0-301F-11D3-BF4B-00C04F79EFBC}") = "RE4_MDT_EDIT_MONO_UHD", "RE4_MDT_EDIT_MONO_UHD\RE4_MDT_EDIT_MONO_UHD.csproj", "{D36B759E-0F74-4F6C-A5C8-886DA4D24E92}"
EndProject
Project("{D954291E-2A0B-460D-934E-DC6B0785DB48}") = "RE4_MDT_PARSE", "..\RE4_MDT_TOOL\RE4_MDT_PARSE\RE4_MDT_PARSE.shproj", "{DD572ECA-B638-4F0D-BA8B-7D5F61493919}"
EndProject
Project("{FAE04EC0-301F-11D3-BF4B-00C04F79EFBC}") = "RE4_MDT_EDIT_MONO_PS4NS", "RE4_MDT_EDIT_MONO_PS4NS\RE4_MDT_EDIT_MONO_PS4NS.csproj", "{FF6F5380-C0DE-489D-98B4-BAB06E2A8273}"
EndProject
Project("{FAE04EC0-301F-11D3-BF4B-00C04F79EFBC}") = "RE4_MDT_EDIT_SPLIT_ENTRIES_MONO_UHD", "RE4_MDT_EDIT_SPLIT_ENTRIES_MONO_UHD\RE4_MDT_EDIT_SPLIT_ENTRIES_MONO_UHD.csproj", "{31BF429E-3C7A-4355-8CF9-78921DB5EEC2}"
EndProject
Project("{FAE04EC0-301F-11D3-BF4B-00C04F79EFBC}") = "RE4_MDT_EDIT_SPLIT_ENTRIES_MONO_PS4NS", "RE4_MDT_EDIT_SPLIT_ENTRIES_MONO_PS4NS\RE4_MDT_EDIT_SPLIT_ENTRIES_MONO_PS4NS.csproj", "{F324B07E-0D46-4C09-8D47-81ECC65210D3}"
EndProject
Project("{FAE04EC0-301F-11D3-BF4B-00C04F79EFBC}") = "RE4_MDT_EDIT_MONO_BIG", "RE4_MDT_EDIT_MONO_BIG\RE4_MDT_EDIT_MONO_BIG.csproj", "{57C5B08F-8441-4D30-A7FD-74D9720B32A9}"
EndProject
Project("{D954291E-2A0B-460D-934E-DC6B0785DB48}") = "SimpleEndianBinaryIO", "..\RE4_MDT_TOOL\SimpleEndianBinaryIO\SimpleEndianBinaryIO.shproj", "{5DDB0D8F-D1EA-479F-8FAC-BE2B5C6BAB65}"
EndProject
Project("{D954291E-2A0B-460D-934E-DC6B0785DB48}") = "RE4_MDT_EDIT_MONO", "RE4_MDT_EDIT_MONO\RE4_MDT_EDIT_MONO.shproj", "{D8EB4E21-DD84-4A90-85A5-7B7B5FD9A344}"
EndProject
Project("{FAE04EC0-301F-11D3-BF4B-00C04F79EFBC}") = "RE4_MDT_EDIT_SPLIT_ENTRIES_MONO_BIG", "RE4_MDT_EDIT_SPLIT_ENTRIES_MONO_BIG\RE4_MDT_EDIT_SPLIT_ENTRIES_MONO_BIG.csproj", "{9C4389D7-B94F-4B01-AD87-C5307076C7AE}"
EndProject
Project("{D954291E-2A0B-460D-934E-DC6B0785DB48}") = "RE4_MDT_EDIT_MULTI", "RE4_MDT_EDIT_MULTI\RE4_MDT_EDIT_MULTI.shproj", "{3A441716-A624-47FD-8D19-DEEA89C812FE}"
EndProject
Project("{FAE04EC0-301F-11D3-BF4B-00C04F79EFBC}") = "RE4_MDT_EDIT_MULTI8_UHD", "RE4_MDT_EDIT_MULTI8_UHD\RE4_MDT_EDIT_MULTI8_UHD.csproj", "{F9744642-66A9-4306-954A-C22709C4B71A}"
EndProject
Project("{FAE04EC0-301F-11D3-BF4B-00C04F79EFBC}") = "RE4_MDT_EDIT_MULTI_PS4", "RE4_MDT_EDIT_MULTI_PS4\RE4_MDT_EDIT_MULTI_PS4.csproj", "{F13A7B88-9205-49AA-8801-8295BE667958}"
EndProject
Project("{FAE04EC0-301F-11D3-BF4B-00C04F79EFBC}") = "RE4_MDT_EDIT_MULTI_NS", "RE4_MDT_EDIT_MULTI_NS\RE4_MDT_EDIT_MULTI_NS.csproj", "{C0ECD046-06F0-4568-B432-60BD199247C0}"
EndProject
Project("{FAE04EC0-301F-11D3-BF4B-00C04F79EFBC}") = "RE4_MDT_EDIT_MULTI_BIG", "RE4_MDT_EDIT_MULTI_BIG\RE4_MDT_EDIT_MULTI_BIG.csproj", "{1EDAD0A2-A295-4C94-9E5E-F732F45B202F}"
EndProject
Project("{FAE04EC0-301F-11D3-BF4B-00C04F79EFBC}") = "RE4_MDT_EDIT_SPLIT_ENTRIES_MULTI8_UHD", "RE4_MDT_EDIT_SPLIT_ENTRIES_MULTI8_UHD\RE4_MDT_EDIT_SPLIT_ENTRIES_MULTI8_UHD.csproj", "{44ACD303-5634-4378-8B38-A030047904D6}"
EndProject
Project("{FAE04EC0-301F-11D3-BF4B-00C04F79EFBC}") = "RE4_MDT_EDIT_SPLIT_ENTRIES_MULTI_PS4", "RE4_MDT_EDIT_SPLIT_ENTRIES_MULTI_PS4\RE4_MDT_EDIT_SPLIT_ENTRIES_MULTI_PS4.csproj", "{8299A68D-F1C5-4A31-9CB6-4844098E611F}"
EndProject
Project("{FAE04EC0-301F-11D3-BF4B-00C04F79EFBC}") = "RE4_MDT_EDIT_SPLIT_ENTRIES_MULTI_NS", "RE4_MDT_EDIT_SPLIT_ENTRIES_MULTI_NS\RE4_MDT_EDIT_SPLIT_ENTRIES_MULTI_NS.csproj", "{B6417A54-A2FC-471B-B3DF-9A5D5C04D240}"
EndProject
Project("{FAE04EC0-301F-11D3-BF4B-00C04F79EFBC}") = "RE4_MDT_EDIT_SPLIT_ENTRIES_MULTI_BIG", "RE4_MDT_EDIT_SPLIT_ENTRIES_MULTI_BIG\RE4_MDT_EDIT_SPLIT_ENTRIES_MULTI_BIG.csproj", "{37C4530D-B6DB-40D7-8D7B-D435EC2AC355}"
EndProject
Project("{FAE04EC0-301F-11D3-BF4B-00C04F79EFBC}") = "RE4_MDT_EDIT_MULTI6_UHD", "RE4_MDT_EDIT_MULTI6_UHD\RE4_MDT_EDIT_MULTI6_UHD.csproj", "{D427D0E8-CE41-4142-9C5F-F6DB090E2E63}"
EndProject
Project("{FAE04EC0-301F-11D3-BF4B-00C04F79EFBC}") = "RE4_MDT_EDIT_SPLIT_ENTRIES_MULTI6_UHD", "RE4_MDT_EDIT_SPLIT_ENTRIES_MULTI6_UHD\RE4_MDT_EDIT_SPLIT_ENTRIES_MULTI6_UHD.csproj", "{933015C4-BCB6-4832-9147-773AE8A53DCE}"
EndProject
Project("{D954291E-2A0B-460D-934E-DC6B0785DB48}") = "RE4_MDT_EDIT_CHOICE", "RE4_MDT_EDIT_CHOICE\RE4_MDT_EDIT_CHOICE.shproj", "{68EF260E-7DF6-4389-8D6B-B56E94C0AF57}"
EndProject
Project("{FAE04EC0-301F-11D3-BF4B-00C04F79EFBC}") = "RE4_MDT_EDIT_CHOICE_UHD", "RE4_MDT_EDIT_CHOICE_UHD\RE4_MDT_EDIT_CHOICE_UHD.csproj", "{126C47CA-C583-4DDC-BA43-1B12E55418AE}"
EndProject
Project("{D954291E-2A0B-460D-934E-DC6B0785DB48}") = "RE4_MDT_CHOICE_PARSE", "..\RE4_MDT_TOOL\RE4_MDT_CHOICE_PARSE\RE4_MDT_CHOICE_PARSE.shproj", "{A896FC80-4D91-44F7-89C3-F4393B2C3289}"
EndProject
Project("{D954291E-2A0B-460D-934E-DC6B0785DB48}") = "RE4_MDT_EDIT_SHARED", "RE4_MDT_EDIT_SHARED\RE4_MDT_EDIT_SHARED.shproj", "{9E34BD84-36AD-44FE-9713-54494245DF28}"
EndProject
Project("{FAE04EC0-301F-11D3-BF4B-00C04F79EFBC}") = "RE4_MDT_EDIT_CHOICE_BIG", "RE4_MDT_EDIT_CHOICE_BIG\RE4_MDT_EDIT_CHOICE_BIG.csproj", "{C3C41920-D1CC-4F51-9CEF-6E1E40716675}"
EndProject
Project("{FAE04EC0-301F-11D3-BF4B-00C04F79EFBC}") = "RE4_MDT_EDIT_CHOICE_PS4", "RE4_MDT_EDIT_CHOICE_PS4\RE4_MDT_EDIT_CHOICE_PS4.csproj", "{2F71028E-46AD-48AA-8491-19677ECBD1BC}"
EndProject
Project("{FAE04EC0-301F-11D3-BF4B-00C04F79EFBC}") = "RE4_MDT_EDIT_CHOICE_NS", "RE4_MDT_EDIT_CHOICE_NS\RE4_MDT_EDIT_CHOICE_NS.csproj", "{2E75C7BA-D7F0-4E11-AD07-F608EB81B69A}"
EndProject
Project("{FAE04EC0-301F-11D3-BF4B-00C04F79EFBC}") = "RE4_MDT_EDIT_SPLIT_ENTRIES_CHOICE_UHD", "RE4_MDT_EDIT_SPLIT_ENTRIES_CHOICE_UHD\RE4_MDT_EDIT_SPLIT_ENTRIES_CHOICE_UHD.csproj", "{FCF9A0B4-4973-4CB8-AF91-D93477F888D0}"
EndProject
Project("{FAE04EC0-301F-11D3-BF4B-00C04F79EFBC}") = "RE4_MDT_EDIT_SPLIT_ENTRIES_CHOICE_BIG", "RE4_MDT_EDIT_SPLIT_ENTRIES_CHOICE_BIG\RE4_MDT_EDIT_SPLIT_ENTRIES_CHOICE_BIG.csproj", "{340692AE-EC43-4158-A452-540FCC79AB45}"
EndProject
Project("{FAE04EC0-301F-11D3-BF4B-00C04F79EFBC}") = "RE4_MDT_EDIT_SPLIT_ENTRIES_CHOICE_PS4", "RE4_MDT_EDIT_SPLIT_ENTRIES_CHOICE_PS4\RE4_MDT_EDIT_SPLIT_ENTRIES_CHOICE_PS4.csproj", "{BF3C1A6D-D478-44FC-A027-62C541EEEBBC}"
EndProject
Project("{FAE04EC0-301F-11D3-BF4B-00C04F79EFBC}") = "RE4_MDT_EDIT_SPLIT_ENTRIES_CHOICE_NS", "RE4_MDT_EDIT_SPLIT_ENTRIES_CHOICE_NS\RE4_MDT_EDIT_SPLIT_ENTRIES_CHOICE_NS.csproj", "{66CD751B-3466-4EC9-93FB-56D4CFE46601}"
EndProject
Global
	GlobalSection(SharedMSBuildProjectFiles) = preSolution
		RE4_MDT_EDIT\RE4_MDT_EDIT.projitems*{126c47ca-c583-4ddc-ba43-1b12e55418ae}*SharedItemsImports = 4
		RE4_MDT_EDIT_CHOICE\RE4_MDT_EDIT_CHOICE.projitems*{126c47ca-c583-4ddc-ba43-1b12e55418ae}*SharedItemsImports = 4
		RE4_MDT_EDIT_SHARED\RE4_MDT_EDIT_SHARED.projitems*{126c47ca-c583-4ddc-ba43-1b12e55418ae}*SharedItemsImports = 4
		..\RE4_MDT_TOOL\RE4_MDT_CHOICE\RE4_MDT_CHOICE.projitems*{126c47ca-c583-4ddc-ba43-1b12e55418ae}*SharedItemsImports = 4
		..\RE4_MDT_TOOL\RE4_MDT_CHOICE_PARSE\RE4_MDT_CHOICE_PARSE.projitems*{126c47ca-c583-4ddc-ba43-1b12e55418ae}*SharedItemsImports = 4
		..\RE4_MDT_TOOL\RE4_MDT_PARSE\RE4_MDT_PARSE.projitems*{126c47ca-c583-4ddc-ba43-1b12e55418ae}*SharedItemsImports = 4
		..\RE4_MDT_TOOL\SimpleEndianBinaryIO\SimpleEndianBinaryIO.projitems*{126c47ca-c583-4ddc-ba43-1b12e55418ae}*SharedItemsImports = 4
		RE4_MDT_EDIT\RE4_MDT_EDIT.projitems*{1edad0a2-a295-4c94-9e5e-f732f45b202f}*SharedItemsImports = 4
		RE4_MDT_EDIT_MULTI\RE4_MDT_EDIT_MULTI.projitems*{1edad0a2-a295-4c94-9e5e-f732f45b202f}*SharedItemsImports = 4
		RE4_MDT_EDIT_SHARED\RE4_MDT_EDIT_SHARED.projitems*{1edad0a2-a295-4c94-9e5e-f732f45b202f}*SharedItemsImports = 4
		..\RE4_MDT_TOOL\RE4_MDT_PARSE\RE4_MDT_PARSE.projitems*{1edad0a2-a295-4c94-9e5e-f732f45b202f}*SharedItemsImports = 4
		..\RE4_MDT_TOOL\SimpleEndianBinaryIO\SimpleEndianBinaryIO.projitems*{1edad0a2-a295-4c94-9e5e-f732f45b202f}*SharedItemsImports = 4
		RE4_MDT_EDIT\RE4_MDT_EDIT.projitems*{2e75c7ba-d7f0-4e11-ad07-f608eb81b69a}*SharedItemsImports = 4
		RE4_MDT_EDIT_CHOICE\RE4_MDT_EDIT_CHOICE.projitems*{2e75c7ba-d7f0-4e11-ad07-f608eb81b69a}*SharedItemsImports = 4
		RE4_MDT_EDIT_SHARED\RE4_MDT_EDIT_SHARED.projitems*{2e75c7ba-d7f0-4e11-ad07-f608eb81b69a}*SharedItemsImports = 4
		..\RE4_MDT_TOOL\RE4_MDT_CHOICE_PARSE\RE4_MDT_CHOICE_PARSE.projitems*{2e75c7ba-d7f0-4e11-ad07-f608eb81b69a}*SharedItemsImports = 4
		..\RE4_MDT_TOOL\RE4_MDT_PARSE\RE4_MDT_PARSE.projitems*{2e75c7ba-d7f0-4e11-ad07-f608eb81b69a}*SharedItemsImports = 4
		..\RE4_MDT_TOOL\SimpleEndianBinaryIO\SimpleEndianBinaryIO.projitems*{2e75c7ba-d7f0-4e11-ad07-f608eb81b69a}*SharedItemsImports = 4
		RE4_MDT_EDIT\RE4_MDT_EDIT.projitems*{2f71028e-46ad-48aa-8491-19677ecbd1bc}*SharedItemsImports = 4
		RE4_MDT_EDIT_CHOICE\RE4_MDT_EDIT_CHOICE.projitems*{2f71028e-46ad-48aa-8491-19677ecbd1bc}*SharedItemsImports = 4
		RE4_MDT_EDIT_SHARED\RE4_MDT_EDIT_SHARED.projitems*{2f71028e-46ad-48aa-8491-19677ecbd1bc}*SharedItemsImports = 4
		..\RE4_MDT_TOOL\RE4_MDT_CHOICE_PARSE\RE4_MDT_CHOICE_PARSE.projitems*{2f71028e-46ad-48aa-8491-19677ecbd1bc}*SharedItemsImports = 4
		..\RE4_MDT_TOOL\RE4_MDT_PARSE\RE4_MDT_PARSE.projitems*{2f71028e-46ad-48aa-8491-19677ecbd1bc}*SharedItemsImports = 4
		..\RE4_MDT_TOOL\SimpleEndianBinaryIO\SimpleEndianBinaryIO.projitems*{2f71028e-46ad-48aa-8491-19677ecbd1bc}*SharedItemsImports = 4
		RE4_MDT_EDIT\RE4_MDT_EDIT.projitems*{31bf429e-3c7a-4355-8cf9-78921db5eec2}*SharedItemsImports = 4
		RE4_MDT_EDIT_MONO\RE4_MDT_EDIT_MONO.projitems*{31bf429e-3c7a-4355-8cf9-78921db5eec2}*SharedItemsImports = 4
		RE4_MDT_EDIT_SHARED\RE4_MDT_EDIT_SHARED.projitems*{31bf429e-3c7a-4355-8cf9-78921db5eec2}*SharedItemsImports = 4
		..\RE4_MDT_TOOL\RE4_MDT_PARSE\RE4_MDT_PARSE.projitems*{31bf429e-3c7a-4355-8cf9-78921db5eec2}*SharedItemsImports = 4
		..\RE4_MDT_TOOL\SimpleEndianBinaryIO\SimpleEndianBinaryIO.projitems*{31bf429e-3c7a-4355-8cf9-78921db5eec2}*SharedItemsImports = 4
		RE4_MDT_EDIT\RE4_MDT_EDIT.projitems*{340692ae-ec43-4158-a452-540fcc79ab45}*SharedItemsImports = 4
		RE4_MDT_EDIT_CHOICE\RE4_MDT_EDIT_CHOICE.projitems*{340692ae-ec43-4158-a452-540fcc79ab45}*SharedItemsImports = 4
		RE4_MDT_EDIT_SHARED\RE4_MDT_EDIT_SHARED.projitems*{340692ae-ec43-4158-a452-540fcc79ab45}*SharedItemsImports = 4
		..\RE4_MDT_TOOL\RE4_MDT_CHOICE_PARSE\RE4_MDT_CHOICE_PARSE.projitems*{340692ae-ec43-4158-a452-540fcc79ab45}*SharedItemsImports = 4
		..\RE4_MDT_TOOL\RE4_MDT_PARSE\RE4_MDT_PARSE.projitems*{340692ae-ec43-4158-a452-540fcc79ab45}*SharedItemsImports = 4
		..\RE4_MDT_TOOL\SimpleEndianBinaryIO\SimpleEndianBinaryIO.projitems*{340692ae-ec43-4158-a452-540fcc79ab45}*SharedItemsImports = 4
		RE4_MDT_EDIT\RE4_MDT_EDIT.projitems*{37c4530d-b6db-40d7-8d7b-d435ec2ac355}*SharedItemsImports = 4
		RE4_MDT_EDIT_MULTI\RE4_MDT_EDIT_MULTI.projitems*{37c4530d-b6db-40d7-8d7b-d435ec2ac355}*SharedItemsImports = 4
		RE4_MDT_EDIT_SHARED\RE4_MDT_EDIT_SHARED.projitems*{37c4530d-b6db-40d7-8d7b-d435ec2ac355}*SharedItemsImports = 4
		..\RE4_MDT_TOOL\RE4_MDT_PARSE\RE4_MDT_PARSE.projitems*{37c4530d-b6db-40d7-8d7b-d435ec2ac355}*SharedItemsImports = 4
		..\RE4_MDT_TOOL\SimpleEndianBinaryIO\SimpleEndianBinaryIO.projitems*{37c4530d-b6db-40d7-8d7b-d435ec2ac355}*SharedItemsImports = 4
		RE4_MDT_EDIT_MULTI\RE4_MDT_EDIT_MULTI.projitems*{3a441716-a624-47fd-8d19-deea89c812fe}*SharedItemsImports = 13
		RE4_MDT_EDIT\RE4_MDT_EDIT.projitems*{44acd303-5634-4378-8b38-a030047904d6}*SharedItemsImports = 4
		RE4_MDT_EDIT_MULTI\RE4_MDT_EDIT_MULTI.projitems*{44acd303-5634-4378-8b38-a030047904d6}*SharedItemsImports = 4
		RE4_MDT_EDIT_SHARED\RE4_MDT_EDIT_SHARED.projitems*{44acd303-5634-4378-8b38-a030047904d6}*SharedItemsImports = 4
		..\RE4_MDT_TOOL\RE4_MDT_PARSE\RE4_MDT_PARSE.projitems*{44acd303-5634-4378-8b38-a030047904d6}*SharedItemsImports = 4
		..\RE4_MDT_TOOL\SimpleEndianBinaryIO\SimpleEndianBinaryIO.projitems*{44acd303-5634-4378-8b38-a030047904d6}*SharedItemsImports = 4
		RE4_MDT_EDIT\RE4_MDT_EDIT.projitems*{57c5b08f-8441-4d30-a7fd-74d9720b32a9}*SharedItemsImports = 4
		RE4_MDT_EDIT_MONO\RE4_MDT_EDIT_MONO.projitems*{57c5b08f-8441-4d30-a7fd-74d9720b32a9}*SharedItemsImports = 4
		RE4_MDT_EDIT_SHARED\RE4_MDT_EDIT_SHARED.projitems*{57c5b08f-8441-4d30-a7fd-74d9720b32a9}*SharedItemsImports = 4
		..\RE4_MDT_TOOL\RE4_MDT_PARSE\RE4_MDT_PARSE.projitems*{57c5b08f-8441-4d30-a7fd-74d9720b32a9}*SharedItemsImports = 4
		..\RE4_MDT_TOOL\SimpleEndianBinaryIO\SimpleEndianBinaryIO.projitems*{57c5b08f-8441-4d30-a7fd-74d9720b32a9}*SharedItemsImports = 4
		RE4_MDT_EDIT\RE4_MDT_EDIT.projitems*{5a242ec0-01a7-42b7-bd9a-ec8ae1bc3666}*SharedItemsImports = 13
		..\RE4_MDT_TOOL\SimpleEndianBinaryIO\SimpleEndianBinaryIO.projitems*{5ddb0d8f-d1ea-479f-8fac-be2b5c6bab65}*SharedItemsImports = 13
		RE4_MDT_EDIT\RE4_MDT_EDIT.projitems*{66cd751b-3466-4ec9-93fb-56d4cfe46601}*SharedItemsImports = 4
		RE4_MDT_EDIT_CHOICE\RE4_MDT_EDIT_CHOICE.projitems*{66cd751b-3466-4ec9-93fb-56d4cfe46601}*SharedItemsImports = 4
		RE4_MDT_EDIT_SHARED\RE4_MDT_EDIT_SHARED.projitems*{66cd751b-3466-4ec9-93fb-56d4cfe46601}*SharedItemsImports = 4
		..\RE4_MDT_TOOL\RE4_MDT_CHOICE_PARSE\RE4_MDT_CHOICE_PARSE.projitems*{66cd751b-3466-4ec9-93fb-56d4cfe46601}*SharedItemsImports = 4
		..\RE4_MDT_TOOL\RE4_MDT_PARSE\RE4_MDT_PARSE.projitems*{66cd751b-3466-4ec9-93fb-56d4cfe46601}*SharedItemsImports = 4
		..\RE4_MDT_TOOL\SimpleEndianBinaryIO\SimpleEndianBinaryIO.projitems*{66cd751b-3466-4ec9-93fb-56d4cfe46601}*SharedItemsImports = 4
		RE4_MDT_EDIT_CHOICE\RE4_MDT_EDIT_CHOICE.projitems*{68ef260e-7df6-4389-8d6b-b56e94c0af57}*SharedItemsImports = 13
		RE4_MDT_EDIT\RE4_MDT_EDIT.projitems*{8299a68d-f1c5-4a31-9cb6-4844098e611f}*SharedItemsImports = 4
		RE4_MDT_EDIT_MULTI\RE4_MDT_EDIT_MULTI.projitems*{8299a68d-f1c5-4a31-9cb6-4844098e611f}*SharedItemsImports = 4
		RE4_MDT_EDIT_SHARED\RE4_MDT_EDIT_SHARED.projitems*{8299a68d-f1c5-4a31-9cb6-4844098e611f}*SharedItemsImports = 4
		..\RE4_MDT_TOOL\RE4_MDT_PARSE\RE4_MDT_PARSE.projitems*{8299a68d-f1c5-4a31-9cb6-4844098e611f}*SharedItemsImports = 4
		..\RE4_MDT_TOOL\SimpleEndianBinaryIO\SimpleEndianBinaryIO.projitems*{8299a68d-f1c5-4a31-9cb6-4844098e611f}*SharedItemsImports = 4
		RE4_MDT_EDIT\RE4_MDT_EDIT.projitems*{933015c4-bcb6-4832-9147-773ae8a53dce}*SharedItemsImports = 4
		RE4_MDT_EDIT_MULTI\RE4_MDT_EDIT_MULTI.projitems*{933015c4-bcb6-4832-9147-773ae8a53dce}*SharedItemsImports = 4
		RE4_MDT_EDIT_SHARED\RE4_MDT_EDIT_SHARED.projitems*{933015c4-bcb6-4832-9147-773ae8a53dce}*SharedItemsImports = 4
		..\RE4_MDT_TOOL\RE4_MDT_PARSE\RE4_MDT_PARSE.projitems*{933015c4-bcb6-4832-9147-773ae8a53dce}*SharedItemsImports = 4
		..\RE4_MDT_TOOL\SimpleEndianBinaryIO\SimpleEndianBinaryIO.projitems*{933015c4-bcb6-4832-9147-773ae8a53dce}*SharedItemsImports = 4
		RE4_MDT_EDIT\RE4_MDT_EDIT.projitems*{9c4389d7-b94f-4b01-ad87-c5307076c7ae}*SharedItemsImports = 4
		RE4_MDT_EDIT_MONO\RE4_MDT_EDIT_MONO.projitems*{9c4389d7-b94f-4b01-ad87-c5307076c7ae}*SharedItemsImports = 4
		RE4_MDT_EDIT_SHARED\RE4_MDT_EDIT_SHARED.projitems*{9c4389d7-b94f-4b01-ad87-c5307076c7ae}*SharedItemsImports = 4
		..\RE4_MDT_TOOL\RE4_MDT_PARSE\RE4_MDT_PARSE.projitems*{9c4389d7-b94f-4b01-ad87-c5307076c7ae}*SharedItemsImports = 4
		..\RE4_MDT_TOOL\SimpleEndianBinaryIO\SimpleEndianBinaryIO.projitems*{9c4389d7-b94f-4b01-ad87-c5307076c7ae}*SharedItemsImports = 4
		RE4_MDT_EDIT_SHARED\RE4_MDT_EDIT_SHARED.projitems*{9e34bd84-36ad-44fe-9713-54494245df28}*SharedItemsImports = 13
		..\RE4_MDT_TOOL\RE4_MDT_CHOICE_PARSE\RE4_MDT_CHOICE_PARSE.projitems*{a896fc80-4d91-44f7-89c3-f4393b2c3289}*SharedItemsImports = 13
		RE4_MDT_EDIT\RE4_MDT_EDIT.projitems*{b6417a54-a2fc-471b-b3df-9a5d5c04d240}*SharedItemsImports = 4
		RE4_MDT_EDIT_MULTI\RE4_MDT_EDIT_MULTI.projitems*{b6417a54-a2fc-471b-b3df-9a5d5c04d240}*SharedItemsImports = 4
		RE4_MDT_EDIT_SHARED\RE4_MDT_EDIT_SHARED.projitems*{b6417a54-a2fc-471b-b3df-9a5d5c04d240}*SharedItemsImports = 4
		..\RE4_MDT_TOOL\RE4_MDT_PARSE\RE4_MDT_PARSE.projitems*{b6417a54-a2fc-471b-b3df-9a5d5c04d240}*SharedItemsImports = 4
		..\RE4_MDT_TOOL\SimpleEndianBinaryIO\SimpleEndianBinaryIO.projitems*{b6417a54-a2fc-471b-b3df-9a5d5c04d240}*SharedItemsImports = 4
		RE4_MDT_EDIT\RE4_MDT_EDIT.projitems*{bf3c1a6d-d478-44fc-a027-62c541eeebbc}*SharedItemsImports = 4
		RE4_MDT_EDIT_CHOICE\RE4_MDT_EDIT_CHOICE.projitems*{bf3c1a6d-d478-44fc-a027-62c541eeebbc}*SharedItemsImports = 4
		RE4_MDT_EDIT_SHARED\RE4_MDT_EDIT_SHARED.projitems*{bf3c1a6d-d478-44fc-a027-62c541eeebbc}*SharedItemsImports = 4
		..\RE4_MDT_TOOL\RE4_MDT_CHOICE_PARSE\RE4_MDT_CHOICE_PARSE.projitems*{bf3c1a6d-d478-44fc-a027-62c541eeebbc}*SharedItemsImports = 4
		..\RE4_MDT_TOOL\RE4_MDT_PARSE\RE4_MDT_PARSE.projitems*{bf3c1a6d-d478-44fc-a027-62c541eeebbc}*SharedItemsImports = 4
		..\RE4_MDT_TOOL\SimpleEndianBinaryIO\SimpleEndianBinaryIO.projitems*{bf3c1a6d-d478-44fc-a027-62c541eeebbc}*SharedItemsImports = 4
		RE4_MDT_EDIT\RE4_MDT_EDIT.projitems*{c0ecd046-06f0-4568-b432-60bd199247c0}*SharedItemsImports = 4
		RE4_MDT_EDIT_MULTI\RE4_MDT_EDIT_MULTI.projitems*{c0ecd046-06f0-4568-b432-60bd199247c0}*SharedItemsImports = 4
		RE4_MDT_EDIT_SHARED\RE4_MDT_EDIT_SHARED.projitems*{c0ecd046-06f0-4568-b432-60bd199247c0}*SharedItemsImports = 4
		..\RE4_MDT_TOOL\RE4_MDT_PARSE\RE4_MDT_PARSE.projitems*{c0ecd046-06f0-4568-b432-60bd199247c0}*SharedItemsImports = 4
		..\RE4_MDT_TOOL\SimpleEndianBinaryIO\SimpleEndianBinaryIO.projitems*{c0ecd046-06f0-4568-b432-60bd199247c0}*SharedItemsImports = 4
		RE4_MDT_EDIT\RE4_MDT_EDIT.projitems*{c3c41920-d1cc-4f51-9cef-6e1e40716675}*SharedItemsImports = 4
		RE4_MDT_EDIT_CHOICE\RE4_MDT_EDIT_CHOICE.projitems*{c3c41920-d1cc-4f51-9cef-6e1e40716675}*SharedItemsImports = 4
		RE4_MDT_EDIT_SHARED\RE4_MDT_EDIT_SHARED.projitems*{c3c41920-d1cc-4f51-9cef-6e1e40716675}*SharedItemsImports = 4
		..\RE4_MDT_TOOL\RE4_MDT_CHOICE_PARSE\RE4_MDT_CHOICE_PARSE.projitems*{c3c41920-d1cc-4f51-9cef-6e1e40716675}*SharedItemsImports = 4
		..\RE4_MDT_TOOL\RE4_MDT_PARSE\RE4_MDT_PARSE.projitems*{c3c41920-d1cc-4f51-9cef-6e1e40716675}*SharedItemsImports = 4
		..\RE4_MDT_TOOL\SimpleEndianBinaryIO\SimpleEndianBinaryIO.projitems*{c3c41920-d1cc-4f51-9cef-6e1e40716675}*SharedItemsImports = 4
		RE4_MDT_EDIT\RE4_MDT_EDIT.projitems*{d36b759e-0f74-4f6c-a5c8-886da4d24e92}*SharedItemsImports = 4
		RE4_MDT_EDIT_MONO\RE4_MDT_EDIT_MONO.projitems*{d36b759e-0f74-4f6c-a5c8-886da4d24e92}*SharedItemsImports = 4
		RE4_MDT_EDIT_SHARED\RE4_MDT_EDIT_SHARED.projitems*{d36b759e-0f74-4f6c-a5c8-886da4d24e92}*SharedItemsImports = 4
		..\RE4_MDT_TOOL\RE4_MDT_PARSE\RE4_MDT_PARSE.projitems*{d36b759e-0f74-4f6c-a5c8-886da4d24e92}*SharedItemsImports = 4
		..\RE4_MDT_TOOL\SimpleEndianBinaryIO\SimpleEndianBinaryIO.projitems*{d36b759e-0f74-4f6c-a5c8-886da4d24e92}*SharedItemsImports = 4
		RE4_MDT_EDIT\RE4_MDT_EDIT.projitems*{d427d0e8-ce41-4142-9c5f-f6db090e2e63}*SharedItemsImports = 4
		RE4_MDT_EDIT_MULTI\RE4_MDT_EDIT_MULTI.projitems*{d427d0e8-ce41-4142-9c5f-f6db090e2e63}*SharedItemsImports = 4
		RE4_MDT_EDIT_SHARED\RE4_MDT_EDIT_SHARED.projitems*{d427d0e8-ce41-4142-9c5f-f6db090e2e63}*SharedItemsImports = 4
		..\RE4_MDT_TOOL\RE4_MDT_PARSE\RE4_MDT_PARSE.projitems*{d427d0e8-ce41-4142-9c5f-f6db090e2e63}*SharedItemsImports = 4
		..\RE4_MDT_TOOL\SimpleEndianBinaryIO\SimpleEndianBinaryIO.projitems*{d427d0e8-ce41-4142-9c5f-f6db090e2e63}*SharedItemsImports = 4
		RE4_MDT_EDIT_MONO\RE4_MDT_EDIT_MONO.projitems*{d8eb4e21-dd84-4a90-85a5-7b7b5fd9a344}*SharedItemsImports = 13
		..\RE4_MDT_TOOL\RE4_MDT_PARSE\RE4_MDT_PARSE.projitems*{dd572eca-b638-4f0d-ba8b-7d5f61493919}*SharedItemsImports = 13
		RE4_MDT_EDIT\RE4_MDT_EDIT.projitems*{f13a7b88-9205-49aa-8801-8295be667958}*SharedItemsImports = 4
		RE4_MDT_EDIT_MULTI\RE4_MDT_EDIT_MULTI.projitems*{f13a7b88-9205-49aa-8801-8295be667958}*SharedItemsImports = 4
		RE4_MDT_EDIT_SHARED\RE4_MDT_EDIT_SHARED.projitems*{f13a7b88-9205-49aa-8801-8295be667958}*SharedItemsImports = 4
		..\RE4_MDT_TOOL\RE4_MDT_PARSE\RE4_MDT_PARSE.projitems*{f13a7b88-9205-49aa-8801-8295be667958}*SharedItemsImports = 4
		..\RE4_MDT_TOOL\SimpleEndianBinaryIO\SimpleEndianBinaryIO.projitems*{f13a7b88-9205-49aa-8801-8295be667958}*SharedItemsImports = 4
		RE4_MDT_EDIT\RE4_MDT_EDIT.projitems*{f324b07e-0d46-4c09-8d47-81ecc65210d3}*SharedItemsImports = 4
		RE4_MDT_EDIT_MONO\RE4_MDT_EDIT_MONO.projitems*{f324b07e-0d46-4c09-8d47-81ecc65210d3}*SharedItemsImports = 4
		RE4_MDT_EDIT_SHARED\RE4_MDT_EDIT_SHARED.projitems*{f324b07e-0d46-4c09-8d47-81ecc65210d3}*SharedItemsImports = 4
		..\RE4_MDT_TOOL\RE4_MDT_PARSE\RE4_MDT_PARSE.projitems*{f324b07e-0d46-4c09-8d47-81ecc65210d3}*SharedItemsImports = 4
		..\RE4_MDT_TOOL\SimpleEndianBinaryIO\SimpleEndianBinaryIO.projitems*{f324b07e-0d46-4c09-8d47-81ecc65210d3}*SharedItemsImports = 4
		RE4_MDT_EDIT\RE4_MDT_EDIT.projitems*{f9744642-66a9-4306-954a-c22709c4b71a}*SharedItemsImports = 4
		RE4_MDT_EDIT_MULTI\RE4_MDT_EDIT_MULTI.projitems*{f9744642-66a9-4306-954a-c22709c4b71a}*SharedItemsImports = 4
		RE4_MDT_EDIT_SHARED\RE4_MDT_EDIT_SHARED.projitems*{f9744642-66a9-4306-954a-c22709c4b71a}*SharedItemsImports = 4
		..\RE4_MDT_TOOL\RE4_MDT_PARSE\RE4_MDT_PARSE.projitems*{f9744642-66a9-4306-954a-c22709c4b71a}*SharedItemsImports = 4
		..\RE4_MDT_TOOL\SimpleEndianBinaryIO\SimpleEndianBinaryIO.projitems*{f9744642-66a9-4306-954a-c22709c4b71a}*SharedItemsImports = 4
		RE4_MDT_EDIT\RE4_MDT_EDIT.projitems*{fcf9a0b4-4973-4cb8-af91-d93477f888d0}*SharedItemsImports = 4
		RE4_MDT_EDIT_CHOICE\RE4_MDT_EDIT_CHOICE.projitems*{fcf9a0b4-4973-4cb8-af91-d93477f888d0}*SharedItemsImports = 4
		RE4_MDT_EDIT_SHARED\RE4_MDT_EDIT_SHARED.projitems*{fcf9a0b4-4973-4cb8-af91-d93477f888d0}*SharedItemsImports = 4
		..\RE4_MDT_TOOL\RE4_MDT_CHOICE_PARSE\RE4_MDT_CHOICE_PARSE.projitems*{fcf9a0b4-4973-4cb8-af91-d93477f888d0}*SharedItemsImports = 4
		..\RE4_MDT_TOOL\RE4_MDT_PARSE\RE4_MDT_PARSE.projitems*{fcf9a0b4-4973-4cb8-af91-d93477f888d0}*SharedItemsImports = 4
		..\RE4_MDT_TOOL\SimpleEndianBinaryIO\SimpleEndianBinaryIO.projitems*{fcf9a0b4-4973-4cb8-af91-d93477f888d0}*SharedItemsImports = 4
		RE4_MDT_EDIT\RE4_MDT_EDIT.projitems*{ff6f5380-c0de-489d-98b4-bab06e2a8273}*SharedItemsImports = 4
		RE4_MDT_EDIT_MONO\RE4_MDT_EDIT_MONO.projitems*{ff6f5380-c0de-489d-98b4-bab06e2a8273}*SharedItemsImports = 4
		RE4_MDT_EDIT_SHARED\RE4_MDT_EDIT_SHARED.projitems*{ff6f5380-c0de-489d-98b4-bab06e2a8273}*SharedItemsImports = 4
		..\RE4_MDT_TOOL\RE4_MDT_PARSE\RE4_MDT_PARSE.projitems*{ff6f5380-c0de-489d-98b4-bab06e2a8273}*SharedItemsImports = 4
		..\RE4_MDT_TOOL\SimpleEndianBinaryIO\SimpleEndianBinaryIO.projitems*{ff6f5380-c0de-489d-98b4-bab06e2a8273}*SharedItemsImports = 4
	EndGlobalSection
	GlobalSection(SolutionConfigurationPlatforms) = preSolution
		Debug|Any CPU = Debug|Any CPU
		Release|Any CPU = Release|Any CPU
	EndGlobalSection
	GlobalSection(ProjectConfigurationPlatforms) = postSolution
		{D36B759E-0F74-4F6C-A5C8-886DA4D24E92}.Debug|Any CPU.ActiveCfg = Debug|Any CPU
		{D36B759E-0F74-4F6C-A5C8-886DA4D24E92}.Debug|Any CPU.Build.0 = Debug|Any CPU
		{D36B759E-0F74-4F6C-A5C8-886DA4D24E92}.Release|Any CPU.ActiveCfg = Release|Any CPU
		{D36B759E-0F74-4F6C-A5C8-886DA4D24E92}.Release|Any CPU.Build.0 = Release|Any CPU
		{FF6F5380-C0DE-489D-98B4-BAB06E2A8273}.Debug|Any CPU.ActiveCfg = Debug|Any CPU
		{FF6F5380-C0DE-489D-98B4-BAB06E2A8273}.Debug|Any CPU.Build.0 = Debug|Any CPU
		{FF6F5380-C0DE-489D-98B4-BAB06E2A8273}.Release|Any CPU.ActiveCfg = Release|Any CPU
		{FF6F5380-C0DE-489D-98B4-BAB06E2A8273}.Release|Any CPU.Build.0 = Release|Any CPU
		{31BF429E-3C7A-4355-8CF9-78921DB5EEC2}.Debug|Any CPU.ActiveCfg = Debug|Any CPU
		{31BF429E-3C7A-4355-8CF9-78921DB5EEC2}.Debug|Any CPU.Build.0 = Debug|Any CPU
		{31BF429E-3C7A-4355-8CF9-78921DB5EEC2}.Release|Any CPU.ActiveCfg = Release|Any CPU
		{31BF429E-3C7A-4355-8CF9-78921DB5EEC2}.Release|Any CPU.Build.0 = Release|Any CPU
		{F324B07E-0D46-4C09-8D47-81ECC65210D3}.Debug|Any CPU.ActiveCfg = Debug|Any CPU
		{F324B07E-0D46-4C09-8D47-81ECC65210D3}.Debug|Any CPU.Build.0 = Debug|Any CPU
		{F324B07E-0D46-4C09-8D47-81ECC65210D3}.Release|Any CPU.ActiveCfg = Release|Any CPU
		{F324B07E-0D46-4C09-8D47-81ECC65210D3}.Release|Any CPU.Build.0 = Release|Any CPU
		{57C5B08F-8441-4D30-A7FD-74D9720B32A9}.Debug|Any CPU.ActiveCfg = Debug|Any CPU
		{57C5B08F-8441-4D30-A7FD-74D9720B32A9}.Debug|Any CPU.Build.0 = Debug|Any CPU
		{57C5B08F-8441-4D30-A7FD-74D9720B32A9}.Release|Any CPU.ActiveCfg = Release|Any CPU
		{57C5B08F-8441-4D30-A7FD-74D9720B32A9}.Release|Any CPU.Build.0 = Release|Any CPU
		{9C4389D7-B94F-4B01-AD87-C5307076C7AE}.Debug|Any CPU.ActiveCfg = Debug|Any CPU
		{9C4389D7-B94F-4B01-AD87-C5307076C7AE}.Debug|Any CPU.Build.0 = Debug|Any CPU
		{9C4389D7-B94F-4B01-AD87-C5307076C7AE}.Release|Any CPU.ActiveCfg = Release|Any CPU
		{9C4389D7-B94F-4B01-AD87-C5307076C7AE}.Release|Any CPU.Build.0 = Release|Any CPU
		{F9744642-66A9-4306-954A-C22709C4B71A}.Debug|Any CPU.ActiveCfg = Debug|Any CPU
		{F9744642-66A9-4306-954A-C22709C4B71A}.Debug|Any CPU.Build.0 = Debug|Any CPU
		{F9744642-66A9-4306-954A-C22709C4B71A}.Release|Any CPU.ActiveCfg = Release|Any CPU
		{F9744642-66A9-4306-954A-C22709C4B71A}.Release|Any CPU.Build.0 = Release|Any CPU
		{F13A7B88-9205-49AA-8801-8295BE667958}.Debug|Any CPU.ActiveCfg = Debug|Any CPU
		{F13A7B88-9205-49AA-8801-8295BE667958}.Debug|Any CPU.Build.0 = Debug|Any CPU
		{F13A7B88-9205-49AA-8801-8295BE667958}.Release|Any CPU.ActiveCfg = Release|Any CPU
		{F13A7B88-9205-49AA-8801-8295BE667958}.Release|Any CPU.Build.0 = Release|Any CPU
		{C0ECD046-06F0-4568-B432-60BD199247C0}.Debug|Any CPU.ActiveCfg = Debug|Any CPU
		{C0ECD046-06F0-4568-B432-60BD199247C0}.Debug|Any CPU.Build.0 = Debug|Any CPU
		{C0ECD046-06F0-4568-B432-60BD199247C0}.Release|Any CPU.ActiveCfg = Release|Any CPU
		{C0ECD046-06F0-4568-B432-60BD199247C0}.Release|Any CPU.Build.0 = Release|Any CPU
		{1EDAD0A2-A295-4C94-9E5E-F732F45B202F}.Debug|Any CPU.ActiveCfg = Debug|Any CPU
		{1EDAD0A2-A295-4C94-9E5E-F732F45B202F}.Debug|Any CPU.Build.0 = Debug|Any CPU
		{1EDAD0A2-A295-4C94-9E5E-F732F45B202F}.Release|Any CPU.ActiveCfg = Release|Any CPU
		{1EDAD0A2-A295-4C94-9E5E-F732F45B202F}.Release|Any CPU.Build.0 = Release|Any CPU
		{44ACD303-5634-4378-8B38-A030047904D6}.Debug|Any CPU.ActiveCfg = Debug|Any CPU
		{44ACD303-5634-4378-8B38-A030047904D6}.Debug|Any CPU.Build.0 = Debug|Any CPU
		{44ACD303-5634-4378-8B38-A030047904D6}.Release|Any CPU.ActiveCfg = Release|Any CPU
		{44ACD303-5634-4378-8B38-A030047904D6}.Release|Any CPU.Build.0 = Release|Any CPU
		{8299A68D-F1C5-4A31-9CB6-4844098E611F}.Debug|Any CPU.ActiveCfg = Debug|Any CPU
		{8299A68D-F1C5-4A31-9CB6-4844098E611F}.Debug|Any CPU.Build.0 = Debug|Any CPU
		{8299A68D-F1C5-4A31-9CB6-4844098E611F}.Release|Any CPU.ActiveCfg = Release|Any CPU
		{8299A68D-F1C5-4A31-9CB6-4844098E611F}.Release|Any CPU.Build.0 = Release|Any CPU
		{B6417A54-A2FC-471B-B3DF-9A5D5C04D240}.Debug|Any CPU.ActiveCfg = Debug|Any CPU
		{B6417A54-A2FC-471B-B3DF-9A5D5C04D240}.Debug|Any CPU.Build.0 = Debug|Any CPU
		{B6417A54-A2FC-471B-B3DF-9A5D5C04D240}.Release|Any CPU.ActiveCfg = Release|Any CPU
		{B6417A54-A2FC-471B-B3DF-9A5D5C04D240}.Release|Any CPU.Build.0 = Release|Any CPU
		{37C4530D-B6DB-40D7-8D7B-D435EC2AC355}.Debug|Any CPU.ActiveCfg = Debug|Any CPU
		{37C4530D-B6DB-40D7-8D7B-D435EC2AC355}.Debug|Any CPU.Build.0 = Debug|Any CPU
		{37C4530D-B6DB-40D7-8D7B-D435EC2AC355}.Release|Any CPU.ActiveCfg = Release|Any CPU
		{37C4530D-B6DB-40D7-8D7B-D435EC2AC355}.Release|Any CPU.Build.0 = Release|Any CPU
		{D427D0E8-CE41-4142-9C5F-F6DB090E2E63}.Debug|Any CPU.ActiveCfg = Debug|Any CPU
		{D427D0E8-CE41-4142-9C5F-F6DB090E2E63}.Debug|Any CPU.Build.0 = Debug|Any CPU
		{D427D0E8-CE41-4142-9C5F-F6DB090E2E63}.Release|Any CPU.ActiveCfg = Release|Any CPU
		{D427D0E8-CE41-4142-9C5F-F6DB090E2E63}.Release|Any CPU.Build.0 = Release|Any CPU
		{933015C4-BCB6-4832-9147-773AE8A53DCE}.Debug|Any CPU.ActiveCfg = Debug|Any CPU
		{933015C4-BCB6-4832-9147-773AE8A53DCE}.Debug|Any CPU.Build.0 = Debug|Any CPU
		{933015C4-BCB6-4832-9147-773AE8A53DCE}.Release|Any CPU.ActiveCfg = Release|Any CPU
		{933015C4-BCB6-4832-9147-773AE8A53DCE}.Release|Any CPU.Build.0 = Release|Any CPU
		{126C47CA-C583-4DDC-BA43-1B12E55418AE}.Debug|Any CPU.ActiveCfg = Debug|Any CPU
		{126C47CA-C583-4DDC-BA43-1B12E55418AE}.Debug|Any CPU.Build.0 = Debug|Any CPU
		{126C47CA-C583-4DDC-BA43-1B12E55418AE}.Release|Any CPU.ActiveCfg = Release|Any CPU
		{126C47CA-C583-4DDC-BA43-1B12E55418AE}.Release|Any CPU.Build.0 = Release|Any CPU
		{C3C41920-D1CC-4F51-9CEF-6E1E40716675}.Debug|Any CPU.ActiveCfg = Debug|Any CPU
		{C3C41920-D1CC-4F51-9CEF-6E1E40716675}.Debug|Any CPU.Build.0 = Debug|Any CPU
		{C3C41920-D1CC-4F51-9CEF-6E1E40716675}.Release|Any CPU.ActiveCfg = Release|Any CPU
		{C3C41920-D1CC-4F51-9CEF-6E1E40716675}.Release|Any CPU.Build.0 = Release|Any CPU
		{2F71028E-46AD-48AA-8491-19677ECBD1BC}.Debug|Any CPU.ActiveCfg = Debug|Any CPU
		{2F71028E-46AD-48AA-8491-19677ECBD1BC}.Debug|Any CPU.Build.0 = Debug|Any CPU
		{2F71028E-46AD-48AA-8491-19677ECBD1BC}.Release|Any CPU.ActiveCfg = Release|Any CPU
		{2F71028E-46AD-48AA-8491-19677ECBD1BC}.Release|Any CPU.Build.0 = Release|Any CPU
		{2E75C7BA-D7F0-4E11-AD07-F608EB81B69A}.Debug|Any CPU.ActiveCfg = Debug|Any CPU
		{2E75C7BA-D7F0-4E11-AD07-F608EB81B69A}.Debug|Any CPU.Build.0 = Debug|Any CPU
		{2E75C7BA-D7F0-4E11-AD07-F608EB81B69A}.Release|Any CPU.ActiveCfg = Release|Any CPU
		{2E75C7BA-D7F0-4E11-AD07-F608EB81B69A}.Release|Any CPU.Build.0 = Release|Any CPU
		{FCF9A0B4-4973-4CB8-AF91-D93477F888D0}.Debug|Any CPU.ActiveCfg = Debug|Any CPU
		{FCF9A0B4-4973-4CB8-AF91-D93477F888D0}.Debug|Any CPU.Build.0 = Debug|Any CPU
		{FCF9A0B4-4973-4CB8-AF91-D93477F888D0}.Release|Any CPU.ActiveCfg = Release|Any CPU
		{FCF9A0B4-4973-4CB8-AF91-D93477F888D0}.Release|Any CPU.Build.0 = Release|Any CPU
		{340692AE-EC43-4158-A452-540FCC79AB45}.Debug|Any CPU.ActiveCfg = Debug|Any CPU
		{340692AE-EC43-4158-A452-540FCC79AB45}.Debug|Any CPU.Build.0 = Debug|Any CPU
		{340692AE-EC43-4158-A452-540FCC79AB45}.Release|Any CPU.ActiveCfg = Release|Any CPU
		{340692AE-EC43-4158-A452-540FCC79AB45}.Release|Any CPU.Build.0 = Release|Any CPU
		{BF3C1A6D-D478-44FC-A027-62C541EEEBBC}.Debug|Any CPU.ActiveCfg = Debug|Any CPU
		{BF3C1A6D-D478-44FC-A027-62C541EEEBBC}.Debug|Any CPU.Build.0 = Debug|Any CPU
		{BF3C1A6D-D478-44FC-A027-62C541EEEBBC}.Release|Any CPU.ActiveCfg = Release|Any CPU
		{BF3C1A6D-D478-44FC-A027-62C541EEEBBC}.Release|Any CPU.Build.0 = Release|Any CPU
		{66CD751B-3466-4EC9-93FB-56D4CFE46601}.Debug|Any CPU.ActiveCfg = Debug|Any CPU
		{66CD751B-3466-4EC9-93FB-56D4CFE46601}.Debug|Any CPU.Build.0 = Debug|Any CPU
		{66CD751B-3466-4EC9-93FB-56D4CFE46601}.Release|Any CPU.ActiveCfg = Release|Any CPU
		{66CD751B-3466-4EC9-93FB-56D4CFE46601}.Release|Any CPU.Build.0 = Release|Any CPU
	EndGlobalSection
	GlobalSection(SolutionProperties) = preSolution
		HideSolutionNode = FALSE
	EndGlobalSection
	GlobalSection(ExtensibilityGlobals) = postSolution
		SolutionGuid = {D2B0F939-E3E8-4E6F-AEC8-A296F67D1F03}
	EndGlobalSection
EndGlobal
