
Microsoft Visual Studio Solution File, Format Version 12.00
# Visual Studio Version 16
VisualStudioVersion = 16.0.35229.62
MinimumVisualStudioVersion = 10.0.40219.1
Project("{D954291E-2A0B-460D-934E-DC6B0785DB48}") = "RE4_MDT_PARSE", "RE4_MDT_PARSE\RE4_MDT_PARSE.shproj", "{DD572ECA-B638-4F0D-BA8B-7D5F61493919}"
EndProject
Project("{FAE04EC0-301F-11D3-BF4B-00C04F79EFBC}") = "RE4_MDT_PARSE_MONO_UHD_TO_PS4NS", "RE4_MDT_PARSE_MONO_UHD_TO_PS4NS\RE4_MDT_PARSE_MONO_UHD_TO_PS4NS.csproj", "{73E7F46E-B6F8-460C-B3DC-268CCC4DA9FF}"
EndProject
Project("{FAE04EC0-301F-11D3-BF4B-00C04F79EFBC}") = "RE4_MDT_PARSE_MONO_PS4NS_TO_UHD", "RE4_MDT_PARSE_MONO_PS4NS_TO_UHD\RE4_MDT_PARSE_MONO_PS4NS_TO_UHD.csproj", "{B3688AF5-9717-4AE0-8C95-41CC6E923EB0}"
EndProject
Project("{FAE04EC0-301F-11D3-BF4B-00C04F79EFBC}") = "RE4_MDT_PARSE_UHD_TO_NS_MULTI8", "RE4_MDT_PARSE_UHD_TO_NS_MULTI8\RE4_MDT_PARSE_UHD_TO_NS_MULTI8.csproj", "{CEBF8440-6837-4671-B1C1-D850003087A9}"
EndProject
Project("{FAE04EC0-301F-11D3-BF4B-00C04F79EFBC}") = "RE4_MDT_PARSE_UHD_TO_PS4_MULTI6", "RE4_MDT_PARSE_UHD_TO_PS4_MULTI6\RE4_MDT_PARSE_UHD_TO_PS4_MULTI6.csproj", "{D9241F05-F1F6-4C67-9AC0-7CF502F13F7B}"
EndProject
Project("{FAE04EC0-301F-11D3-BF4B-00C04F79EFBC}") = "RE4_MDT_PARSE_NS_TO_UHD_MULTI8", "RE4_MDT_PARSE_NS_TO_UHD_MULTI8\RE4_MDT_PARSE_NS_TO_UHD_MULTI8.csproj", "{C0A0B6E2-5BFF-4FFC-810A-55143C5140A7}"
EndProject
Project("{FAE04EC0-301F-11D3-BF4B-00C04F79EFBC}") = "RE4_MDT_PARSE_PS4_TO_UHD_MULTI6", "RE4_MDT_PARSE_PS4_TO_UHD_MULTI6\RE4_MDT_PARSE_PS4_TO_UHD_MULTI6.csproj", "{EA099E71-2FD2-4EC5-ACED-C707B7991F37}"
EndProject
Project("{FAE04EC0-301F-11D3-BF4B-00C04F79EFBC}") = "RE4_MDT_SPLIT_UHD_MULTI8", "RE4_MDT_SPLIT_UHD_MULTI8\RE4_MDT_SPLIT_UHD_MULTI8.csproj", "{AD9AC6CC-591F-4394-BBF4-AC2FEC75442D}"
EndProject
Project("{FAE04EC0-301F-11D3-BF4B-00C04F79EFBC}") = "RE4_MDT_SPLIT_NS_MULTI8", "RE4_MDT_SPLIT_NS_MULTI8\RE4_MDT_SPLIT_NS_MULTI8.csproj", "{33EC6CAB-D651-4D46-A5E3-A3D67A769093}"
EndProject
Project("{FAE04EC0-301F-11D3-BF4B-00C04F79EFBC}") = "RE4_MDT_SPLIT_PS4_MULTI6", "RE4_MDT_SPLIT_PS4_MULTI6\RE4_MDT_SPLIT_PS4_MULTI6.csproj", "{1094FF20-E447-4A3E-BB12-FD48B88D8EBA}"
EndProject
Project("{FAE04EC0-301F-11D3-BF4B-00C04F79EFBC}") = "RE4_MDT_SINGLE_MULTI_UHD", "RE4_MDT_SINGLE_MULTI_UHD\RE4_MDT_SINGLE_MULTI_UHD.csproj", "{4BC29FA3-2A3C-44A0-984D-C666F528B420}"
EndProject
Project("{FAE04EC0-301F-11D3-BF4B-00C04F79EFBC}") = "RE4_MDT_SINGLE_MULTI_NS", "RE4_MDT_SINGLE_MULTI_NS\RE4_MDT_SINGLE_MULTI_NS.csproj", "{0A2967B7-C0DF-4B1B-8575-4F507BABFD8A}"
EndProject
Project("{FAE04EC0-301F-11D3-BF4B-00C04F79EFBC}") = "RE4_MDT_SINGLE_MULTI_PS4", "RE4_MDT_SINGLE_MULTI_PS4\RE4_MDT_SINGLE_MULTI_PS4.csproj", "{5765305E-FB41-4272-91A0-C4115F1A93AE}"
EndProject
Project("{FAE04EC0-301F-11D3-BF4B-00C04F79EFBC}") = "RE4_MDT_MERGE_MULTI8_UHD", "RE4_MDT_MERGE_MULTI8_UHD\RE4_MDT_MERGE_MULTI8_UHD.csproj", "{BEA07C31-9225-4F25-B713-73B96669C8B6}"
EndProject
Project("{D954291E-2A0B-460D-934E-DC6B0785DB48}") = "RE4_MDT_SINGLE_MULTI", "RE4_MDT_SINGLE_MULTI\RE4_MDT_SINGLE_MULTI.shproj", "{C5941730-EE38-4D11-BDD2-0760B0D300D7}"
EndProject
Project("{D954291E-2A0B-460D-934E-DC6B0785DB48}") = "RE4_MDT_SPLIT", "RE4_MDT_SPLIT\RE4_MDT_SPLIT.shproj", "{55028F84-E7EC-4D08-96ED-B1441E0D010E}"
EndProject
Project("{D954291E-2A0B-460D-934E-DC6B0785DB48}") = "RE4_MDT_MERGE_MULTI", "RE4_MDT_MERGE_MULTI\RE4_MDT_MERGE_MULTI.shproj", "{CB29C833-9CA6-4735-85BF-76988A8628E5}"
EndProject
Project("{FAE04EC0-301F-11D3-BF4B-00C04F79EFBC}") = "RE4_MDT_MERGE_MULTI_NS", "RE4_MDT_MERGE_MULTI_NS\RE4_MDT_MERGE_MULTI_NS.csproj", "{B0D2F399-F5C6-4231-BD78-753378E55840}"
EndProject
Project("{FAE04EC0-301F-11D3-BF4B-00C04F79EFBC}") = "RE4_MDT_MERGE_MULTI_PS4", "RE4_MDT_MERGE_MULTI_PS4\RE4_MDT_MERGE_MULTI_PS4.csproj", "{C1474759-B490-48F2-B390-2D2F151EA740}"
EndProject
Project("{D954291E-2A0B-460D-934E-DC6B0785DB48}") = "SimpleEndianBinaryIO", "SimpleEndianBinaryIO\SimpleEndianBinaryIO.shproj", "{5DDB0D8F-D1EA-479F-8FAC-BE2B5C6BAB65}"
EndProject
Project("{FAE04EC0-301F-11D3-BF4B-00C04F79EFBC}") = "RE4_MDT_SPLIT_BIG_MULTI6", "RE4_MDT_SPLIT_BIG_MULTI6\RE4_MDT_SPLIT_BIG_MULTI6.csproj", "{06EF52DD-528C-4B34-940B-2F9D05E37B94}"
EndProject
Project("{FAE04EC0-301F-11D3-BF4B-00C04F79EFBC}") = "RE4_MDT_SINGLE_MULTI_BIG", "RE4_MDT_SINGLE_MULTI_BIG\RE4_MDT_SINGLE_MULTI_BIG.csproj", "{85AAC9DD-52B2-4FC0-B492-1D5A8B1B3766}"
EndProject
Project("{FAE04EC0-301F-11D3-BF4B-00C04F79EFBC}") = "RE4_MDT_MERGE_MULTI_BIG", "RE4_MDT_MERGE_MULTI_BIG\RE4_MDT_MERGE_MULTI_BIG.csproj", "{575148B0-CFF7-41A0-B83E-B5C96D51D107}"
EndProject
Project("{FAE04EC0-301F-11D3-BF4B-00C04F79EFBC}") = "RE4_MDT_MERGE_MULTI6_UHD", "RE4_MDT_MERGE_MULTI6_UHD\RE4_MDT_MERGE_MULTI6_UHD.csproj", "{E8F8E6D1-2483-4044-8B74-7BB5038253D2}"
EndProject
Project("{FAE04EC0-301F-11D3-BF4B-00C04F79EFBC}") = "RE4_MDT_PARSE_UHD_TO_BIG_MULTI6", "RE4_MDT_PARSE_UHD_TO_BIG_MULTI6\RE4_MDT_PARSE_UHD_TO_BIG_MULTI6.csproj", "{0559698B-8FEA-4697-9FD4-8886ED781C21}"
EndProject
Project("{FAE04EC0-301F-11D3-BF4B-00C04F79EFBC}") = "RE4_MDT_PARSE_BIG_TO_UHD_MULTI6", "RE4_MDT_PARSE_BIG_TO_UHD_MULTI6\RE4_MDT_PARSE_BIG_TO_UHD_MULTI6.csproj", "{91D69E80-AF1F-44E3-A099-21F4F5A0B556}"
EndProject
Project("{FAE04EC0-301F-11D3-BF4B-00C04F79EFBC}") = "RE4_MDT_PARSE_MONO_UHD_TO_BIG", "RE4_MDT_PARSE_MONO_UHD_TO_BIG\RE4_MDT_PARSE_MONO_UHD_TO_BIG.csproj", "{F9FC7322-5DB3-4641-BBC0-1C228768AB19}"
EndProject
Project("{FAE04EC0-301F-11D3-BF4B-00C04F79EFBC}") = "RE4_MDT_PARSE_MONO_BIG_TO_UHD", "RE4_MDT_PARSE_MONO_BIG_TO_UHD\RE4_MDT_PARSE_MONO_BIG_TO_UHD.csproj", "{3F4475D2-0D5E-42B8-81A7-094E33D148D7}"
EndProject
Project("{FAE04EC0-301F-11D3-BF4B-00C04F79EFBC}") = "RE4_MDT_SPLIT_UHD_MULTI6", "RE4_MDT_SPLIT_UHD_MULTI6\RE4_MDT_SPLIT_UHD_MULTI6.csproj", "{38F07D03-AC58-41EA-BBB0-68E8A86FD6EB}"
EndProject
Project("{D954291E-2A0B-460D-934E-DC6B0785DB48}") = "RE4_MDT_CHOICE", "RE4_MDT_CHOICE\RE4_MDT_CHOICE.shproj", "{2F50EA9B-EC4D-43D3-AC3E-19108EE06EE6}"
EndProject
Project("{FAE04EC0-301F-11D3-BF4B-00C04F79EFBC}") = "RE4_MDT_CHOICE_BIG_MULTI", "RE4_MDT_CHOICE_BIG_MULTI\RE4_MDT_CHOICE_BIG_MULTI.csproj", "{F8BD6D87-EB9F-4DDE-B26C-B9DBFCE61664}"
EndProject
Project("{FAE04EC0-301F-11D3-BF4B-00C04F79EFBC}") = "RE4_MDT_CHOICE_NS_MULTI", "RE4_MDT_CHOICE_NS_MULTI\RE4_MDT_CHOICE_NS_MULTI.csproj", "{BB3328FB-6C13-4AEB-B861-C2E28E548788}"
EndProject
Project("{FAE04EC0-301F-11D3-BF4B-00C04F79EFBC}") = "RE4_MDT_CHOICE_PS4_MULTI", "RE4_MDT_CHOICE_PS4_MULTI\RE4_MDT_CHOICE_PS4_MULTI.csproj", "{52471112-DF3C-4A3F-8EE3-66635776C795}"
EndProject
Project("{FAE04EC0-301F-11D3-BF4B-00C04F79EFBC}") = "RE4_MDT_CHOICE_UHD_MULTI", "RE4_MDT_CHOICE_UHD_MULTI\RE4_MDT_CHOICE_UHD_MULTI.csproj", "{11EC882B-032E-482D-97F4-4924C514B1DE}"
EndProject
Global
	GlobalSection(SharedMSBuildProjectFiles) = preSolution
		RE4_MDT_PARSE\RE4_MDT_PARSE.projitems*{0559698b-8fea-4697-9fd4-8886ed781c21}*SharedItemsImports = 4
		SimpleEndianBinaryIO\SimpleEndianBinaryIO.projitems*{0559698b-8fea-4697-9fd4-8886ed781c21}*SharedItemsImports = 4
		RE4_MDT_PARSE\RE4_MDT_PARSE.projitems*{06ef52dd-528c-4b34-940b-2f9d05e37b94}*SharedItemsImports = 4
		RE4_MDT_SPLIT\RE4_MDT_SPLIT.projitems*{06ef52dd-528c-4b34-940b-2f9d05e37b94}*SharedItemsImports = 4
		SimpleEndianBinaryIO\SimpleEndianBinaryIO.projitems*{06ef52dd-528c-4b34-940b-2f9d05e37b94}*SharedItemsImports = 4
		RE4_MDT_PARSE\RE4_MDT_PARSE.projitems*{0a2967b7-c0df-4b1b-8575-4f507babfd8a}*SharedItemsImports = 4
		RE4_MDT_SINGLE_MULTI\RE4_MDT_SINGLE_MULTI.projitems*{0a2967b7-c0df-4b1b-8575-4f507babfd8a}*SharedItemsImports = 4
		SimpleEndianBinaryIO\SimpleEndianBinaryIO.projitems*{0a2967b7-c0df-4b1b-8575-4f507babfd8a}*SharedItemsImports = 4
		RE4_MDT_PARSE\RE4_MDT_PARSE.projitems*{1094ff20-e447-4a3e-bb12-fd48b88d8eba}*SharedItemsImports = 4
		RE4_MDT_SPLIT\RE4_MDT_SPLIT.projitems*{1094ff20-e447-4a3e-bb12-fd48b88d8eba}*SharedItemsImports = 4
		SimpleEndianBinaryIO\SimpleEndianBinaryIO.projitems*{1094ff20-e447-4a3e-bb12-fd48b88d8eba}*SharedItemsImports = 4
		RE4_MDT_CHOICE\RE4_MDT_CHOICE.projitems*{11ec882b-032e-482d-97f4-4924c514b1de}*SharedItemsImports = 4
		RE4_MDT_PARSE\RE4_MDT_PARSE.projitems*{11ec882b-032e-482d-97f4-4924c514b1de}*SharedItemsImports = 4
		SimpleEndianBinaryIO\SimpleEndianBinaryIO.projitems*{11ec882b-032e-482d-97f4-4924c514b1de}*SharedItemsImports = 4
		RE4_MDT_CHOICE\RE4_MDT_CHOICE.projitems*{2f50ea9b-ec4d-43d3-ac3e-19108ee06ee6}*SharedItemsImports = 13
		RE4_MDT_PARSE\RE4_MDT_PARSE.projitems*{33ec6cab-d651-4d46-a5e3-a3d67a769093}*SharedItemsImports = 4
		RE4_MDT_SPLIT\RE4_MDT_SPLIT.projitems*{33ec6cab-d651-4d46-a5e3-a3d67a769093}*SharedItemsImports = 4
		SimpleEndianBinaryIO\SimpleEndianBinaryIO.projitems*{33ec6cab-d651-4d46-a5e3-a3d67a769093}*SharedItemsImports = 4
		RE4_MDT_PARSE\RE4_MDT_PARSE.projitems*{38f07d03-ac58-41ea-bbb0-68e8a86fd6eb}*SharedItemsImports = 4
		RE4_MDT_SPLIT\RE4_MDT_SPLIT.projitems*{38f07d03-ac58-41ea-bbb0-68e8a86fd6eb}*SharedItemsImports = 4
		SimpleEndianBinaryIO\SimpleEndianBinaryIO.projitems*{38f07d03-ac58-41ea-bbb0-68e8a86fd6eb}*SharedItemsImports = 4
		RE4_MDT_PARSE\RE4_MDT_PARSE.projitems*{3f4475d2-0d5e-42b8-81a7-094e33d148d7}*SharedItemsImports = 4
		SimpleEndianBinaryIO\SimpleEndianBinaryIO.projitems*{3f4475d2-0d5e-42b8-81a7-094e33d148d7}*SharedItemsImports = 4
		RE4_MDT_PARSE\RE4_MDT_PARSE.projitems*{4bc29fa3-2a3c-44a0-984d-c666f528b420}*SharedItemsImports = 4
		RE4_MDT_SINGLE_MULTI\RE4_MDT_SINGLE_MULTI.projitems*{4bc29fa3-2a3c-44a0-984d-c666f528b420}*SharedItemsImports = 4
		SimpleEndianBinaryIO\SimpleEndianBinaryIO.projitems*{4bc29fa3-2a3c-44a0-984d-c666f528b420}*SharedItemsImports = 4
		RE4_MDT_CHOICE\RE4_MDT_CHOICE.projitems*{52471112-df3c-4a3f-8ee3-66635776c795}*SharedItemsImports = 4
		RE4_MDT_PARSE\RE4_MDT_PARSE.projitems*{52471112-df3c-4a3f-8ee3-66635776c795}*SharedItemsImports = 4
		SimpleEndianBinaryIO\SimpleEndianBinaryIO.projitems*{52471112-df3c-4a3f-8ee3-66635776c795}*SharedItemsImports = 4
		RE4_MDT_SPLIT\RE4_MDT_SPLIT.projitems*{55028f84-e7ec-4d08-96ed-b1441e0d010e}*SharedItemsImports = 13
		RE4_MDT_MERGE_MULTI\RE4_MDT_MERGE_MULTI.projitems*{575148b0-cff7-41a0-b83e-b5c96d51d107}*SharedItemsImports = 4
		RE4_MDT_PARSE\RE4_MDT_PARSE.projitems*{575148b0-cff7-41a0-b83e-b5c96d51d107}*SharedItemsImports = 4
		SimpleEndianBinaryIO\SimpleEndianBinaryIO.projitems*{575148b0-cff7-41a0-b83e-b5c96d51d107}*SharedItemsImports = 4
		RE4_MDT_PARSE\RE4_MDT_PARSE.projitems*{5765305e-fb41-4272-91a0-c4115f1a93ae}*SharedItemsImports = 4
		RE4_MDT_SINGLE_MULTI\RE4_MDT_SINGLE_MULTI.projitems*{5765305e-fb41-4272-91a0-c4115f1a93ae}*SharedItemsImports = 4
		SimpleEndianBinaryIO\SimpleEndianBinaryIO.projitems*{5765305e-fb41-4272-91a0-c4115f1a93ae}*SharedItemsImports = 4
		SimpleEndianBinaryIO\SimpleEndianBinaryIO.projitems*{5ddb0d8f-d1ea-479f-8fac-be2b5c6bab65}*SharedItemsImports = 13
		RE4_MDT_PARSE\RE4_MDT_PARSE.projitems*{73e7f46e-b6f8-460c-b3dc-268ccc4da9ff}*SharedItemsImports = 4
		SimpleEndianBinaryIO\SimpleEndianBinaryIO.projitems*{73e7f46e-b6f8-460c-b3dc-268ccc4da9ff}*SharedItemsImports = 4
		RE4_MDT_PARSE\RE4_MDT_PARSE.projitems*{85aac9dd-52b2-4fc0-b492-1d5a8b1b3766}*SharedItemsImports = 4
		RE4_MDT_SINGLE_MULTI\RE4_MDT_SINGLE_MULTI.projitems*{85aac9dd-52b2-4fc0-b492-1d5a8b1b3766}*SharedItemsImports = 4
		SimpleEndianBinaryIO\SimpleEndianBinaryIO.projitems*{85aac9dd-52b2-4fc0-b492-1d5a8b1b3766}*SharedItemsImports = 4
		RE4_MDT_PARSE\RE4_MDT_PARSE.projitems*{91d69e80-af1f-44e3-a099-21f4f5a0b556}*SharedItemsImports = 4
		SimpleEndianBinaryIO\SimpleEndianBinaryIO.projitems*{91d69e80-af1f-44e3-a099-21f4f5a0b556}*SharedItemsImports = 4
		RE4_MDT_PARSE\RE4_MDT_PARSE.projitems*{ad9ac6cc-591f-4394-bbf4-ac2fec75442d}*SharedItemsImports = 4
		RE4_MDT_SPLIT\RE4_MDT_SPLIT.projitems*{ad9ac6cc-591f-4394-bbf4-ac2fec75442d}*SharedItemsImports = 4
		SimpleEndianBinaryIO\SimpleEndianBinaryIO.projitems*{ad9ac6cc-591f-4394-bbf4-ac2fec75442d}*SharedItemsImports = 4
		RE4_MDT_MERGE_MULTI\RE4_MDT_MERGE_MULTI.projitems*{b0d2f399-f5c6-4231-bd78-753378e55840}*SharedItemsImports = 4
		RE4_MDT_PARSE\RE4_MDT_PARSE.projitems*{b0d2f399-f5c6-4231-bd78-753378e55840}*SharedItemsImports = 4
		SimpleEndianBinaryIO\SimpleEndianBinaryIO.projitems*{b0d2f399-f5c6-4231-bd78-753378e55840}*SharedItemsImports = 4
		RE4_MDT_PARSE\RE4_MDT_PARSE.projitems*{b3688af5-9717-4ae0-8c95-41cc6e923eb0}*SharedItemsImports = 4
		SimpleEndianBinaryIO\SimpleEndianBinaryIO.projitems*{b3688af5-9717-4ae0-8c95-41cc6e923eb0}*SharedItemsImports = 4
		RE4_MDT_CHOICE\RE4_MDT_CHOICE.projitems*{bb3328fb-6c13-4aeb-b861-c2e28e548788}*SharedItemsImports = 4
		RE4_MDT_PARSE\RE4_MDT_PARSE.projitems*{bb3328fb-6c13-4aeb-b861-c2e28e548788}*SharedItemsImports = 4
		SimpleEndianBinaryIO\SimpleEndianBinaryIO.projitems*{bb3328fb-6c13-4aeb-b861-c2e28e548788}*SharedItemsImports = 4
		RE4_MDT_MERGE_MULTI\RE4_MDT_MERGE_MULTI.projitems*{bea07c31-9225-4f25-b713-73b96669c8b6}*SharedItemsImports = 4
		RE4_MDT_PARSE\RE4_MDT_PARSE.projitems*{bea07c31-9225-4f25-b713-73b96669c8b6}*SharedItemsImports = 4
		SimpleEndianBinaryIO\SimpleEndianBinaryIO.projitems*{bea07c31-9225-4f25-b713-73b96669c8b6}*SharedItemsImports = 4
		RE4_MDT_PARSE\RE4_MDT_PARSE.projitems*{c0a0b6e2-5bff-4ffc-810a-55143c5140a7}*SharedItemsImports = 4
		SimpleEndianBinaryIO\SimpleEndianBinaryIO.projitems*{c0a0b6e2-5bff-4ffc-810a-55143c5140a7}*SharedItemsImports = 4
		RE4_MDT_MERGE_MULTI\RE4_MDT_MERGE_MULTI.projitems*{c1474759-b490-48f2-b390-2d2f151ea740}*SharedItemsImports = 4
		RE4_MDT_PARSE\RE4_MDT_PARSE.projitems*{c1474759-b490-48f2-b390-2d2f151ea740}*SharedItemsImports = 4
		SimpleEndianBinaryIO\SimpleEndianBinaryIO.projitems*{c1474759-b490-48f2-b390-2d2f151ea740}*SharedItemsImports = 4
		RE4_MDT_SINGLE_MULTI\RE4_MDT_SINGLE_MULTI.projitems*{c5941730-ee38-4d11-bdd2-0760b0d300d7}*SharedItemsImports = 13
		RE4_MDT_MERGE_MULTI\RE4_MDT_MERGE_MULTI.projitems*{cb29c833-9ca6-4735-85bf-76988a8628e5}*SharedItemsImports = 13
		RE4_MDT_PARSE\RE4_MDT_PARSE.projitems*{cebf8440-6837-4671-b1c1-d850003087a9}*SharedItemsImports = 4
		SimpleEndianBinaryIO\SimpleEndianBinaryIO.projitems*{cebf8440-6837-4671-b1c1-d850003087a9}*SharedItemsImports = 4
		RE4_MDT_PARSE\RE4_MDT_PARSE.projitems*{d9241f05-f1f6-4c67-9ac0-7cf502f13f7b}*SharedItemsImports = 4
		SimpleEndianBinaryIO\SimpleEndianBinaryIO.projitems*{d9241f05-f1f6-4c67-9ac0-7cf502f13f7b}*SharedItemsImports = 4
		RE4_MDT_PARSE\RE4_MDT_PARSE.projitems*{dd572eca-b638-4f0d-ba8b-7d5f61493919}*SharedItemsImports = 13
		RE4_MDT_MERGE_MULTI\RE4_MDT_MERGE_MULTI.projitems*{e8f8e6d1-2483-4044-8b74-7bb5038253d2}*SharedItemsImports = 4
		RE4_MDT_PARSE\RE4_MDT_PARSE.projitems*{e8f8e6d1-2483-4044-8b74-7bb5038253d2}*SharedItemsImports = 4
		SimpleEndianBinaryIO\SimpleEndianBinaryIO.projitems*{e8f8e6d1-2483-4044-8b74-7bb5038253d2}*SharedItemsImports = 4
		RE4_MDT_PARSE\RE4_MDT_PARSE.projitems*{ea099e71-2fd2-4ec5-aced-c707b7991f37}*SharedItemsImports = 4
		SimpleEndianBinaryIO\SimpleEndianBinaryIO.projitems*{ea099e71-2fd2-4ec5-aced-c707b7991f37}*SharedItemsImports = 4
		RE4_MDT_CHOICE\RE4_MDT_CHOICE.projitems*{f8bd6d87-eb9f-4dde-b26c-b9dbfce61664}*SharedItemsImports = 4
		RE4_MDT_PARSE\RE4_MDT_PARSE.projitems*{f8bd6d87-eb9f-4dde-b26c-b9dbfce61664}*SharedItemsImports = 4
		SimpleEndianBinaryIO\SimpleEndianBinaryIO.projitems*{f8bd6d87-eb9f-4dde-b26c-b9dbfce61664}*SharedItemsImports = 4
		RE4_MDT_PARSE\RE4_MDT_PARSE.projitems*{f9fc7322-5db3-4641-bbc0-1c228768ab19}*SharedItemsImports = 4
		SimpleEndianBinaryIO\SimpleEndianBinaryIO.projitems*{f9fc7322-5db3-4641-bbc0-1c228768ab19}*SharedItemsImports = 4
	EndGlobalSection
	GlobalSection(SolutionConfigurationPlatforms) = preSolution
		Debug|Any CPU = Debug|Any CPU
		Release|Any CPU = Release|Any CPU
	EndGlobalSection
	GlobalSection(ProjectConfigurationPlatforms) = postSolution
		{73E7F46E-B6F8-460C-B3DC-268CCC4DA9FF}.Debug|Any CPU.ActiveCfg = Debug|Any CPU
		{73E7F46E-B6F8-460C-B3DC-268CCC4DA9FF}.Debug|Any CPU.Build.0 = Debug|Any CPU
		{73E7F46E-B6F8-460C-B3DC-268CCC4DA9FF}.Release|Any CPU.ActiveCfg = Release|Any CPU
		{73E7F46E-B6F8-460C-B3DC-268CCC4DA9FF}.Release|Any CPU.Build.0 = Release|Any CPU
		{B3688AF5-9717-4AE0-8C95-41CC6E923EB0}.Debug|Any CPU.ActiveCfg = Debug|Any CPU
		{B3688AF5-9717-4AE0-8C95-41CC6E923EB0}.Debug|Any CPU.Build.0 = Debug|Any CPU
		{B3688AF5-9717-4AE0-8C95-41CC6E923EB0}.Release|Any CPU.ActiveCfg = Release|Any CPU
		{B3688AF5-9717-4AE0-8C95-41CC6E923EB0}.Release|Any CPU.Build.0 = Release|Any CPU
		{CEBF8440-6837-4671-B1C1-D850003087A9}.Debug|Any CPU.ActiveCfg = Debug|Any CPU
		{CEBF8440-6837-4671-B1C1-D850003087A9}.Debug|Any CPU.Build.0 = Debug|Any CPU
		{CEBF8440-6837-4671-B1C1-D850003087A9}.Release|Any CPU.ActiveCfg = Release|Any CPU
		{CEBF8440-6837-4671-B1C1-D850003087A9}.Release|Any CPU.Build.0 = Release|Any CPU
		{D9241F05-F1F6-4C67-9AC0-7CF502F13F7B}.Debug|Any CPU.ActiveCfg = Debug|Any CPU
		{D9241F05-F1F6-4C67-9AC0-7CF502F13F7B}.Debug|Any CPU.Build.0 = Debug|Any CPU
		{D9241F05-F1F6-4C67-9AC0-7CF502F13F7B}.Release|Any CPU.ActiveCfg = Release|Any CPU
		{D9241F05-F1F6-4C67-9AC0-7CF502F13F7B}.Release|Any CPU.Build.0 = Release|Any CPU
		{C0A0B6E2-5BFF-4FFC-810A-55143C5140A7}.Debug|Any CPU.ActiveCfg = Debug|Any CPU
		{C0A0B6E2-5BFF-4FFC-810A-55143C5140A7}.Debug|Any CPU.Build.0 = Debug|Any CPU
		{C0A0B6E2-5BFF-4FFC-810A-55143C5140A7}.Release|Any CPU.ActiveCfg = Release|Any CPU
		{C0A0B6E2-5BFF-4FFC-810A-55143C5140A7}.Release|Any CPU.Build.0 = Release|Any CPU
		{EA099E71-2FD2-4EC5-ACED-C707B7991F37}.Debug|Any CPU.ActiveCfg = Debug|Any CPU
		{EA099E71-2FD2-4EC5-ACED-C707B7991F37}.Debug|Any CPU.Build.0 = Debug|Any CPU
		{EA099E71-2FD2-4EC5-ACED-C707B7991F37}.Release|Any CPU.ActiveCfg = Release|Any CPU
		{EA099E71-2FD2-4EC5-ACED-C707B7991F37}.Release|Any CPU.Build.0 = Release|Any CPU
		{AD9AC6CC-591F-4394-BBF4-AC2FEC75442D}.Debug|Any CPU.ActiveCfg = Debug|Any CPU
		{AD9AC6CC-591F-4394-BBF4-AC2FEC75442D}.Debug|Any CPU.Build.0 = Debug|Any CPU
		{AD9AC6CC-591F-4394-BBF4-AC2FEC75442D}.Release|Any CPU.ActiveCfg = Release|Any CPU
		{AD9AC6CC-591F-4394-BBF4-AC2FEC75442D}.Release|Any CPU.Build.0 = Release|Any CPU
		{33EC6CAB-D651-4D46-A5E3-A3D67A769093}.Debug|Any CPU.ActiveCfg = Debug|Any CPU
		{33EC6CAB-D651-4D46-A5E3-A3D67A769093}.Debug|Any CPU.Build.0 = Debug|Any CPU
		{33EC6CAB-D651-4D46-A5E3-A3D67A769093}.Release|Any CPU.ActiveCfg = Release|Any CPU
		{33EC6CAB-D651-4D46-A5E3-A3D67A769093}.Release|Any CPU.Build.0 = Release|Any CPU
		{1094FF20-E447-4A3E-BB12-FD48B88D8EBA}.Debug|Any CPU.ActiveCfg = Debug|Any CPU
		{1094FF20-E447-4A3E-BB12-FD48B88D8EBA}.Debug|Any CPU.Build.0 = Debug|Any CPU
		{1094FF20-E447-4A3E-BB12-FD48B88D8EBA}.Release|Any CPU.ActiveCfg = Release|Any CPU
		{1094FF20-E447-4A3E-BB12-FD48B88D8EBA}.Release|Any CPU.Build.0 = Release|Any CPU
		{4BC29FA3-2A3C-44A0-984D-C666F528B420}.Debug|Any CPU.ActiveCfg = Debug|Any CPU
		{4BC29FA3-2A3C-44A0-984D-C666F528B420}.Debug|Any CPU.Build.0 = Debug|Any CPU
		{4BC29FA3-2A3C-44A0-984D-C666F528B420}.Release|Any CPU.ActiveCfg = Release|Any CPU
		{4BC29FA3-2A3C-44A0-984D-C666F528B420}.Release|Any CPU.Build.0 = Release|Any CPU
		{0A2967B7-C0DF-4B1B-8575-4F507BABFD8A}.Debug|Any CPU.ActiveCfg = Debug|Any CPU
		{0A2967B7-C0DF-4B1B-8575-4F507BABFD8A}.Debug|Any CPU.Build.0 = Debug|Any CPU
		{0A2967B7-C0DF-4B1B-8575-4F507BABFD8A}.Release|Any CPU.ActiveCfg = Release|Any CPU
		{0A2967B7-C0DF-4B1B-8575-4F507BABFD8A}.Release|Any CPU.Build.0 = Release|Any CPU
		{5765305E-FB41-4272-91A0-C4115F1A93AE}.Debug|Any CPU.ActiveCfg = Debug|Any CPU
		{5765305E-FB41-4272-91A0-C4115F1A93AE}.Debug|Any CPU.Build.0 = Debug|Any CPU
		{5765305E-FB41-4272-91A0-C4115F1A93AE}.Release|Any CPU.ActiveCfg = Release|Any CPU
		{5765305E-FB41-4272-91A0-C4115F1A93AE}.Release|Any CPU.Build.0 = Release|Any CPU
		{BEA07C31-9225-4F25-B713-73B96669C8B6}.Debug|Any CPU.ActiveCfg = Debug|Any CPU
		{BEA07C31-9225-4F25-B713-73B96669C8B6}.Debug|Any CPU.Build.0 = Debug|Any CPU
		{BEA07C31-9225-4F25-B713-73B96669C8B6}.Release|Any CPU.ActiveCfg = Release|Any CPU
		{BEA07C31-9225-4F25-B713-73B96669C8B6}.Release|Any CPU.Build.0 = Release|Any CPU
		{B0D2F399-F5C6-4231-BD78-753378E55840}.Debug|Any CPU.ActiveCfg = Debug|Any CPU
		{B0D2F399-F5C6-4231-BD78-753378E55840}.Debug|Any CPU.Build.0 = Debug|Any CPU
		{B0D2F399-F5C6-4231-BD78-753378E55840}.Release|Any CPU.ActiveCfg = Release|Any CPU
		{B0D2F399-F5C6-4231-BD78-753378E55840}.Release|Any CPU.Build.0 = Release|Any CPU
		{C1474759-B490-48F2-B390-2D2F151EA740}.Debug|Any CPU.ActiveCfg = Debug|Any CPU
		{C1474759-B490-48F2-B390-2D2F151EA740}.Debug|Any CPU.Build.0 = Debug|Any CPU
		{C1474759-B490-48F2-B390-2D2F151EA740}.Release|Any CPU.ActiveCfg = Release|Any CPU
		{C1474759-B490-48F2-B390-2D2F151EA740}.Release|Any CPU.Build.0 = Release|Any CPU
		{06EF52DD-528C-4B34-940B-2F9D05E37B94}.Debug|Any CPU.ActiveCfg = Debug|Any CPU
		{06EF52DD-528C-4B34-940B-2F9D05E37B94}.Debug|Any CPU.Build.0 = Debug|Any CPU
		{06EF52DD-528C-4B34-940B-2F9D05E37B94}.Release|Any CPU.ActiveCfg = Release|Any CPU
		{06EF52DD-528C-4B34-940B-2F9D05E37B94}.Release|Any CPU.Build.0 = Release|Any CPU
		{85AAC9DD-52B2-4FC0-B492-1D5A8B1B3766}.Debug|Any CPU.ActiveCfg = Debug|Any CPU
		{85AAC9DD-52B2-4FC0-B492-1D5A8B1B3766}.Debug|Any CPU.Build.0 = Debug|Any CPU
		{85AAC9DD-52B2-4FC0-B492-1D5A8B1B3766}.Release|Any CPU.ActiveCfg = Release|Any CPU
		{85AAC9DD-52B2-4FC0-B492-1D5A8B1B3766}.Release|Any CPU.Build.0 = Release|Any CPU
		{575148B0-CFF7-41A0-B83E-B5C96D51D107}.Debug|Any CPU.ActiveCfg = Debug|Any CPU
		{575148B0-CFF7-41A0-B83E-B5C96D51D107}.Debug|Any CPU.Build.0 = Debug|Any CPU
		{575148B0-CFF7-41A0-B83E-B5C96D51D107}.Release|Any CPU.ActiveCfg = Release|Any CPU
		{575148B0-CFF7-41A0-B83E-B5C96D51D107}.Release|Any CPU.Build.0 = Release|Any CPU
		{E8F8E6D1-2483-4044-8B74-7BB5038253D2}.Debug|Any CPU.ActiveCfg = Debug|Any CPU
		{E8F8E6D1-2483-4044-8B74-7BB5038253D2}.Debug|Any CPU.Build.0 = Debug|Any CPU
		{E8F8E6D1-2483-4044-8B74-7BB5038253D2}.Release|Any CPU.ActiveCfg = Release|Any CPU
		{E8F8E6D1-2483-4044-8B74-7BB5038253D2}.Release|Any CPU.Build.0 = Release|Any CPU
		{0559698B-8FEA-4697-9FD4-8886ED781C21}.Debug|Any CPU.ActiveCfg = Debug|Any CPU
		{0559698B-8FEA-4697-9FD4-8886ED781C21}.Debug|Any CPU.Build.0 = Debug|Any CPU
		{0559698B-8FEA-4697-9FD4-8886ED781C21}.Release|Any CPU.ActiveCfg = Release|Any CPU
		{0559698B-8FEA-4697-9FD4-8886ED781C21}.Release|Any CPU.Build.0 = Release|Any CPU
		{91D69E80-AF1F-44E3-A099-21F4F5A0B556}.Debug|Any CPU.ActiveCfg = Debug|Any CPU
		{91D69E80-AF1F-44E3-A099-21F4F5A0B556}.Debug|Any CPU.Build.0 = Debug|Any CPU
		{91D69E80-AF1F-44E3-A099-21F4F5A0B556}.Release|Any CPU.ActiveCfg = Release|Any CPU
		{91D69E80-AF1F-44E3-A099-21F4F5A0B556}.Release|Any CPU.Build.0 = Release|Any CPU
		{F9FC7322-5DB3-4641-BBC0-1C228768AB19}.Debug|Any CPU.ActiveCfg = Debug|Any CPU
		{F9FC7322-5DB3-4641-BBC0-1C228768AB19}.Debug|Any CPU.Build.0 = Debug|Any CPU
		{F9FC7322-5DB3-4641-BBC0-1C228768AB19}.Release|Any CPU.ActiveCfg = Release|Any CPU
		{F9FC7322-5DB3-4641-BBC0-1C228768AB19}.Release|Any CPU.Build.0 = Release|Any CPU
		{3F4475D2-0D5E-42B8-81A7-094E33D148D7}.Debug|Any CPU.ActiveCfg = Debug|Any CPU
		{3F4475D2-0D5E-42B8-81A7-094E33D148D7}.Debug|Any CPU.Build.0 = Debug|Any CPU
		{3F4475D2-0D5E-42B8-81A7-094E33D148D7}.Release|Any CPU.ActiveCfg = Release|Any CPU
		{3F4475D2-0D5E-42B8-81A7-094E33D148D7}.Release|Any CPU.Build.0 = Release|Any CPU
		{38F07D03-AC58-41EA-BBB0-68E8A86FD6EB}.Debug|Any CPU.ActiveCfg = Debug|Any CPU
		{38F07D03-AC58-41EA-BBB0-68E8A86FD6EB}.Debug|Any CPU.Build.0 = Debug|Any CPU
		{38F07D03-AC58-41EA-BBB0-68E8A86FD6EB}.Release|Any CPU.ActiveCfg = Release|Any CPU
		{38F07D03-AC58-41EA-BBB0-68E8A86FD6EB}.Release|Any CPU.Build.0 = Release|Any CPU
		{F8BD6D87-EB9F-4DDE-B26C-B9DBFCE61664}.Debug|Any CPU.ActiveCfg = Debug|Any CPU
		{F8BD6D87-EB9F-4DDE-B26C-B9DBFCE61664}.Debug|Any CPU.Build.0 = Debug|Any CPU
		{F8BD6D87-EB9F-4DDE-B26C-B9DBFCE61664}.Release|Any CPU.ActiveCfg = Release|Any CPU
		{F8BD6D87-EB9F-4DDE-B26C-B9DBFCE61664}.Release|Any CPU.Build.0 = Release|Any CPU
		{BB3328FB-6C13-4AEB-B861-C2E28E548788}.Debug|Any CPU.ActiveCfg = Debug|Any CPU
		{BB3328FB-6C13-4AEB-B861-C2E28E548788}.Debug|Any CPU.Build.0 = Debug|Any CPU
		{BB3328FB-6C13-4AEB-B861-C2E28E548788}.Release|Any CPU.ActiveCfg = Release|Any CPU
		{BB3328FB-6C13-4AEB-B861-C2E28E548788}.Release|Any CPU.Build.0 = Release|Any CPU
		{52471112-DF3C-4A3F-8EE3-66635776C795}.Debug|Any CPU.ActiveCfg = Debug|Any CPU
		{52471112-DF3C-4A3F-8EE3-66635776C795}.Debug|Any CPU.Build.0 = Debug|Any CPU
		{52471112-DF3C-4A3F-8EE3-66635776C795}.Release|Any CPU.ActiveCfg = Release|Any CPU
		{52471112-DF3C-4A3F-8EE3-66635776C795}.Release|Any CPU.Build.0 = Release|Any CPU
		{11EC882B-032E-482D-97F4-4924C514B1DE}.Debug|Any CPU.ActiveCfg = Debug|Any CPU
		{11EC882B-032E-482D-97F4-4924C514B1DE}.Debug|Any CPU.Build.0 = Debug|Any CPU
		{11EC882B-032E-482D-97F4-4924C514B1DE}.Release|Any CPU.ActiveCfg = Release|Any CPU
		{11EC882B-032E-482D-97F4-4924C514B1DE}.Release|Any CPU.Build.0 = Release|Any CPU
	EndGlobalSection
	GlobalSection(SolutionProperties) = preSolution
		HideSolutionNode = FALSE
	EndGlobalSection
	GlobalSection(ExtensibilityGlobals) = postSolution
		SolutionGuid = {82687D83-F1C5-4E77-B340-E8E8554D3DA5}
	EndGlobalSection
EndGlobal
